
Microsoft Visual Studio Solution File, Format Version 12.00
# Visual Studio Version 17
VisualStudioVersion = 17.4.33122.133
MinimumVisualStudioVersion = 10.0.40219.1
Project("{FAE04EC0-301F-11D3-BF4B-00C04F79EFBC}") = "QuckSort Sample", "QuckSort Sample\QuckSort Sample.csproj", "{ED9A015C-6EB6-415B-B9FD-27C762D8BDBB}"
EndProject
Global
	GlobalSection(SolutionConfigurationPlatforms) = preSolution
		Debug|Any CPU = Debug|Any CPU
		Release|Any CPU = Release|Any CPU
	EndGlobalSection
	GlobalSection(ProjectConfigurationPlatforms) = postSolution
		{ED9A015C-6EB6-415B-B9FD-27C762D8BDBB}.Debug|Any CPU.ActiveCfg = Debug|Any CPU
		{ED9A015C-6EB6-415B-B9FD-27C762D8BDBB}.Debug|Any CPU.Build.0 = Debug|Any CPU
		{ED9A015C-6EB6-415B-B9FD-27C762D8BDBB}.Release|Any CPU.ActiveCfg = Release|Any CPU
		{ED9A015C-6EB6-415B-B9FD-27C762D8BDBB}.Release|Any CPU.Build.0 = Release|Any CPU
	EndGlobalSection
	GlobalSection(SolutionProperties) = preSolution
		HideSolutionNode = FALSE
	EndGlobalSection
	GlobalSection(ExtensibilityGlobals) = postSolution
		SolutionGuid = {15014836-373D-48E2-9815-C5D7EE88611A}
	EndGlobalSection
EndGlobal
